// !$*UTF8*$!
{
	archiveVersion = 1;
	classes = {
	};
	objectVersion = 48;
	objects = {

/* Begin PBXBuildFile section */
		B8925BDC1FD33A8C0017EA3E /* SaleAnnotation.swift in Sources */ = {isa = PBXBuildFile; fileRef = B8925BDB1FD33A8C0017EA3E /* SaleAnnotation.swift */; };
		B8925BDE1FD66D840017EA3E /* GarageSale.swift in Sources */ = {isa = PBXBuildFile; fileRef = B8925BDD1FD66D840017EA3E /* GarageSale.swift */; };
		B8925BE01FD9184C0017EA3E /* SaleOptionCollectionViewCell.swift in Sources */ = {isa = PBXBuildFile; fileRef = B8925BDF1FD9184C0017EA3E /* SaleOptionCollectionViewCell.swift */; };
		B899AD6F1FDDDC9200C95CBC /* AddToCalendarActivity.swift in Sources */ = {isa = PBXBuildFile; fileRef = B899AD6E1FDDDC9200C95CBC /* AddToCalendarActivity.swift */; };
		B899AD711FDE158A00C95CBC /* AddItemButtonCollectionViewCell.swift in Sources */ = {isa = PBXBuildFile; fileRef = B899AD701FDE158A00C95CBC /* AddItemButtonCollectionViewCell.swift */; };
		B8CF0D801FBF4E12002FE457 /* AppDelegate.swift in Sources */ = {isa = PBXBuildFile; fileRef = B8CF0D7F1FBF4E12002FE457 /* AppDelegate.swift */; };
		B8CF0D851FBF4E12002FE457 /* Main.storyboard in Resources */ = {isa = PBXBuildFile; fileRef = B8CF0D831FBF4E12002FE457 /* Main.storyboard */; };
		B8CF0D881FBF4E12002FE457 /* GarageSale.xcdatamodeld in Sources */ = {isa = PBXBuildFile; fileRef = B8CF0D861FBF4E12002FE457 /* GarageSale.xcdatamodeld */; };
		B8CF0D8A1FBF4E12002FE457 /* Assets.xcassets in Resources */ = {isa = PBXBuildFile; fileRef = B8CF0D891FBF4E12002FE457 /* Assets.xcassets */; };
		B8CF0D8D1FBF4E12002FE457 /* LaunchScreen.storyboard in Resources */ = {isa = PBXBuildFile; fileRef = B8CF0D8B1FBF4E12002FE457 /* LaunchScreen.storyboard */; };
		B8CF0D991FBF5607002FE457 /* SaleListViewController.swift in Sources */ = {isa = PBXBuildFile; fileRef = B8CF0D981FBF5607002FE457 /* SaleListViewController.swift */; };
		B8CF0D9B1FBF57CD002FE457 /* DateSelectionViewController.swift in Sources */ = {isa = PBXBuildFile; fileRef = B8CF0D9A1FBF57CD002FE457 /* DateSelectionViewController.swift */; };
		B8CF0D9D1FBF5F8C002FE457 /* SaleListTableViewCell.swift in Sources */ = {isa = PBXBuildFile; fileRef = B8CF0D9C1FBF5F8C002FE457 /* SaleListTableViewCell.swift */; };
		B8CF0DA01FBFA51E002FE457 /* MapKit.framework in Frameworks */ = {isa = PBXBuildFile; fileRef = B8CF0D9F1FBFA502002FE457 /* MapKit.framework */; };
		B8CF0DA21FBFAC1E002FE457 /* SaleMapViewController.swift in Sources */ = {isa = PBXBuildFile; fileRef = B8CF0DA11FBFAC1E002FE457 /* SaleMapViewController.swift */; };
		B8CF0DA41FBFACDC002FE457 /* CoreLocation.framework in Frameworks */ = {isa = PBXBuildFile; fileRef = B8CF0DA31FBFACD3002FE457 /* CoreLocation.framework */; };
		B8CF0DA91FBFF58D002FE457 /* MapSearchTableViewController.swift in Sources */ = {isa = PBXBuildFile; fileRef = B8CF0DA81FBFF58D002FE457 /* MapSearchTableViewController.swift */; };
		B8CF0DAB1FC0F6F0002FE457 /* LocationSelectionViewController.swift in Sources */ = {isa = PBXBuildFile; fileRef = B8CF0DAA1FC0F6F0002FE457 /* LocationSelectionViewController.swift */; };
		B8CF0DAF1FC292EF002FE457 /* MapSearchViewController.swift in Sources */ = {isa = PBXBuildFile; fileRef = B8CF0DAE1FC292EF002FE457 /* MapSearchViewController.swift */; };
		B8CF0DB21FC4D444002FE457 /* ImageSelectionViewController.swift in Sources */ = {isa = PBXBuildFile; fileRef = B8CF0DB11FC4D444002FE457 /* ImageSelectionViewController.swift */; };
		B8CF0DB61FC556F5002FE457 /* AddItemCollectionViewCell.swift in Sources */ = {isa = PBXBuildFile; fileRef = B8CF0DB51FC556F5002FE457 /* AddItemCollectionViewCell.swift */; };
		B8CF0DB81FC66773002FE457 /* VerifyDetailsViewController.swift in Sources */ = {isa = PBXBuildFile; fileRef = B8CF0DB71FC66773002FE457 /* VerifyDetailsViewController.swift */; };
		B8CF0DBA1FC6B2AC002FE457 /* VerifyDetailsCollectionViewCell.swift in Sources */ = {isa = PBXBuildFile; fileRef = B8CF0DB91FC6B2AC002FE457 /* VerifyDetailsCollectionViewCell.swift */; };
		B8CFBCF91FC8AB990038CEDE /* ItemImagesViewController.swift in Sources */ = {isa = PBXBuildFile; fileRef = B8CFBCF81FC8AB990038CEDE /* ItemImagesViewController.swift */; };
		B8D762481FC7647F00B22023 /* SaleDetailsViewController.swift in Sources */ = {isa = PBXBuildFile; fileRef = B8D762471FC7647F00B22023 /* SaleDetailsViewController.swift */; };
		B8D7624B1FC7650300B22023 /* SaleDetailsCollectionViewCell.swift in Sources */ = {isa = PBXBuildFile; fileRef = B8D7624A1FC7650300B22023 /* SaleDetailsCollectionViewCell.swift */; };
		B8D7624D1FC7714F00B22023 /* utilities.swift in Sources */ = {isa = PBXBuildFile; fileRef = B8D7624C1FC7714F00B22023 /* utilities.swift */; };
/* End PBXBuildFile section */

/* Begin PBXFileReference section */
		B8925BDB1FD33A8C0017EA3E /* SaleAnnotation.swift */ = {isa = PBXFileReference; lastKnownFileType = sourcecode.swift; path = SaleAnnotation.swift; sourceTree = "<group>"; };
		B8925BDD1FD66D840017EA3E /* GarageSale.swift */ = {isa = PBXFileReference; lastKnownFileType = sourcecode.swift; path = GarageSale.swift; sourceTree = "<group>"; };
		B8925BDF1FD9184C0017EA3E /* SaleOptionCollectionViewCell.swift */ = {isa = PBXFileReference; lastKnownFileType = sourcecode.swift; path = SaleOptionCollectionViewCell.swift; sourceTree = "<group>"; };
		B899AD6E1FDDDC9200C95CBC /* AddToCalendarActivity.swift */ = {isa = PBXFileReference; lastKnownFileType = sourcecode.swift; path = AddToCalendarActivity.swift; sourceTree = "<group>"; };
		B899AD701FDE158A00C95CBC /* AddItemButtonCollectionViewCell.swift */ = {isa = PBXFileReference; lastKnownFileType = sourcecode.swift; path = AddItemButtonCollectionViewCell.swift; sourceTree = "<group>"; };
		B8CF0D7C1FBF4E12002FE457 /* GarageSale.app */ = {isa = PBXFileReference; explicitFileType = wrapper.application; includeInIndex = 0; path = GarageSale.app; sourceTree = BUILT_PRODUCTS_DIR; };
		B8CF0D7F1FBF4E12002FE457 /* AppDelegate.swift */ = {isa = PBXFileReference; lastKnownFileType = sourcecode.swift; path = AppDelegate.swift; sourceTree = "<group>"; };
		B8CF0D841FBF4E12002FE457 /* Base */ = {isa = PBXFileReference; lastKnownFileType = file.storyboard; name = Base; path = Base.lproj/Main.storyboard; sourceTree = "<group>"; };
		B8CF0D871FBF4E12002FE457 /* GarageSale.xcdatamodel */ = {isa = PBXFileReference; lastKnownFileType = wrapper.xcdatamodel; path = GarageSale.xcdatamodel; sourceTree = "<group>"; };
		B8CF0D891FBF4E12002FE457 /* Assets.xcassets */ = {isa = PBXFileReference; lastKnownFileType = folder.assetcatalog; path = Assets.xcassets; sourceTree = "<group>"; };
		B8CF0D8C1FBF4E12002FE457 /* Base */ = {isa = PBXFileReference; lastKnownFileType = file.storyboard; name = Base; path = Base.lproj/LaunchScreen.storyboard; sourceTree = "<group>"; };
		B8CF0D8E1FBF4E12002FE457 /* Info.plist */ = {isa = PBXFileReference; lastKnownFileType = text.plist.xml; path = Info.plist; sourceTree = "<group>"; };
		B8CF0D981FBF5607002FE457 /* SaleListViewController.swift */ = {isa = PBXFileReference; lastKnownFileType = sourcecode.swift; path = SaleListViewController.swift; sourceTree = "<group>"; };
		B8CF0D9A1FBF57CD002FE457 /* DateSelectionViewController.swift */ = {isa = PBXFileReference; lastKnownFileType = sourcecode.swift; path = DateSelectionViewController.swift; sourceTree = "<group>"; };
		B8CF0D9C1FBF5F8C002FE457 /* SaleListTableViewCell.swift */ = {isa = PBXFileReference; lastKnownFileType = sourcecode.swift; path = SaleListTableViewCell.swift; sourceTree = "<group>"; };
		B8CF0D9F1FBFA502002FE457 /* MapKit.framework */ = {isa = PBXFileReference; lastKnownFileType = wrapper.framework; name = MapKit.framework; path = System/Library/Frameworks/MapKit.framework; sourceTree = SDKROOT; };
		B8CF0DA11FBFAC1E002FE457 /* SaleMapViewController.swift */ = {isa = PBXFileReference; lastKnownFileType = sourcecode.swift; path = SaleMapViewController.swift; sourceTree = "<group>"; };
		B8CF0DA31FBFACD3002FE457 /* CoreLocation.framework */ = {isa = PBXFileReference; lastKnownFileType = wrapper.framework; name = CoreLocation.framework; path = System/Library/Frameworks/CoreLocation.framework; sourceTree = SDKROOT; };
		B8CF0DA81FBFF58D002FE457 /* MapSearchTableViewController.swift */ = {isa = PBXFileReference; lastKnownFileType = sourcecode.swift; path = MapSearchTableViewController.swift; sourceTree = "<group>"; };
		B8CF0DAA1FC0F6F0002FE457 /* LocationSelectionViewController.swift */ = {isa = PBXFileReference; lastKnownFileType = sourcecode.swift; path = LocationSelectionViewController.swift; sourceTree = "<group>"; };
		B8CF0DAE1FC292EF002FE457 /* MapSearchViewController.swift */ = {isa = PBXFileReference; fileEncoding = 4; lastKnownFileType = sourcecode.swift; path = MapSearchViewController.swift; sourceTree = "<group>"; };
		B8CF0DB11FC4D444002FE457 /* ImageSelectionViewController.swift */ = {isa = PBXFileReference; lastKnownFileType = sourcecode.swift; path = ImageSelectionViewController.swift; sourceTree = "<group>"; };
		B8CF0DB51FC556F5002FE457 /* AddItemCollectionViewCell.swift */ = {isa = PBXFileReference; lastKnownFileType = sourcecode.swift; path = AddItemCollectionViewCell.swift; sourceTree = "<group>"; };
		B8CF0DB71FC66773002FE457 /* VerifyDetailsViewController.swift */ = {isa = PBXFileReference; lastKnownFileType = sourcecode.swift; path = VerifyDetailsViewController.swift; sourceTree = "<group>"; };
		B8CF0DB91FC6B2AC002FE457 /* VerifyDetailsCollectionViewCell.swift */ = {isa = PBXFileReference; lastKnownFileType = sourcecode.swift; path = VerifyDetailsCollectionViewCell.swift; sourceTree = "<group>"; };
		B8CFBCF81FC8AB990038CEDE /* ItemImagesViewController.swift */ = {isa = PBXFileReference; lastKnownFileType = sourcecode.swift; path = ItemImagesViewController.swift; sourceTree = "<group>"; };
		B8D762471FC7647F00B22023 /* SaleDetailsViewController.swift */ = {isa = PBXFileReference; lastKnownFileType = sourcecode.swift; path = SaleDetailsViewController.swift; sourceTree = "<group>"; };
		B8D7624A1FC7650300B22023 /* SaleDetailsCollectionViewCell.swift */ = {isa = PBXFileReference; lastKnownFileType = sourcecode.swift; path = SaleDetailsCollectionViewCell.swift; sourceTree = "<group>"; };
		B8D7624C1FC7714F00B22023 /* utilities.swift */ = {isa = PBXFileReference; lastKnownFileType = sourcecode.swift; path = utilities.swift; sourceTree = "<group>"; };
/* End PBXFileReference section */

/* Begin PBXFrameworksBuildPhase section */
		B8CF0D791FBF4E12002FE457 /* Frameworks */ = {
			isa = PBXFrameworksBuildPhase;
			buildActionMask = 2147483647;
			files = (
				B8CF0DA41FBFACDC002FE457 /* CoreLocation.framework in Frameworks */,
				B8CF0DA01FBFA51E002FE457 /* MapKit.framework in Frameworks */,
			);
			runOnlyForDeploymentPostprocessing = 0;
		};
/* End PBXFrameworksBuildPhase section */

/* Begin PBXGroup section */
		B8CF0D731FBF4E12002FE457 = {
			isa = PBXGroup;
			children = (
				B8CF0D7E1FBF4E12002FE457 /* GarageSale */,
				B8CF0D7D1FBF4E12002FE457 /* Products */,
				B8CF0D9E1FBFA502002FE457 /* Frameworks */,
			);
			sourceTree = "<group>";
		};
		B8CF0D7D1FBF4E12002FE457 /* Products */ = {
			isa = PBXGroup;
			children = (
				B8CF0D7C1FBF4E12002FE457 /* GarageSale.app */,
			);
			name = Products;
			sourceTree = "<group>";
		};
		B8CF0D7E1FBF4E12002FE457 /* GarageSale */ = {
			isa = PBXGroup;
			children = (
				B8CF0D831FBF4E12002FE457 /* Main.storyboard */,
				B8D762491FC764E700B22023 /* Sale Details */,
				B8CF0D961FBF548A002FE457 /* Creation Flow */,
				B8CF0D951FBF5471002FE457 /* Map Search Controllers */,
				B8CF0DB01FC294EA002FE457 /* Map View */,
				B8CF0D941FBF545E002FE457 /* List View */,
				B8CF0D971FBF54AD002FE457 /* Supporting Files */,
				B8925BDD1FD66D840017EA3E /* GarageSale.swift */,
				B8CF0D861FBF4E12002FE457 /* GarageSale.xcdatamodeld */,
			);
			path = GarageSale;
			sourceTree = "<group>";
		};
		B8CF0D941FBF545E002FE457 /* List View */ = {
			isa = PBXGroup;
			children = (
				B8CF0D981FBF5607002FE457 /* SaleListViewController.swift */,
				B8CF0D9C1FBF5F8C002FE457 /* SaleListTableViewCell.swift */,
				B8925BDF1FD9184C0017EA3E /* SaleOptionCollectionViewCell.swift */,
			);
			path = "List View";
			sourceTree = "<group>";
		};
		B8CF0D951FBF5471002FE457 /* Map Search Controllers */ = {
			isa = PBXGroup;
			children = (
				B8CF0DAE1FC292EF002FE457 /* MapSearchViewController.swift */,
				B8CF0DA81FBFF58D002FE457 /* MapSearchTableViewController.swift */,
			);
			path = "Map Search Controllers";
			sourceTree = "<group>";
		};
		B8CF0D961FBF548A002FE457 /* Creation Flow */ = {
			isa = PBXGroup;
			children = (
				B8CF0D9A1FBF57CD002FE457 /* DateSelectionViewController.swift */,
				B8CF0DAA1FC0F6F0002FE457 /* LocationSelectionViewController.swift */,
				B8CF0DB11FC4D444002FE457 /* ImageSelectionViewController.swift */,
				B8CF0DB51FC556F5002FE457 /* AddItemCollectionViewCell.swift */,
				B8CF0DB71FC66773002FE457 /* VerifyDetailsViewController.swift */,
				B8CF0DB91FC6B2AC002FE457 /* VerifyDetailsCollectionViewCell.swift */,
				B899AD701FDE158A00C95CBC /* AddItemButtonCollectionViewCell.swift */,
			);
			path = "Creation Flow";
			sourceTree = "<group>";
		};
		B8CF0D971FBF54AD002FE457 /* Supporting Files */ = {
			isa = PBXGroup;
			children = (
				B8CF0D7F1FBF4E12002FE457 /* AppDelegate.swift */,
				B8CF0D891FBF4E12002FE457 /* Assets.xcassets */,
				B8CF0D8B1FBF4E12002FE457 /* LaunchScreen.storyboard */,
				B8CF0D8E1FBF4E12002FE457 /* Info.plist */,
				B8D7624C1FC7714F00B22023 /* utilities.swift */,
			);
			path = "Supporting Files";
			sourceTree = "<group>";
		};
		B8CF0D9E1FBFA502002FE457 /* Frameworks */ = {
			isa = PBXGroup;
			children = (
				B8CF0DA31FBFACD3002FE457 /* CoreLocation.framework */,
				B8CF0D9F1FBFA502002FE457 /* MapKit.framework */,
			);
			name = Frameworks;
			sourceTree = "<group>";
		};
		B8CF0DB01FC294EA002FE457 /* Map View */ = {
			isa = PBXGroup;
			children = (
				B8CF0DA11FBFAC1E002FE457 /* SaleMapViewController.swift */,
				B8925BDB1FD33A8C0017EA3E /* SaleAnnotation.swift */,
			);
			path = "Map View";
			sourceTree = "<group>";
		};
		B8D762491FC764E700B22023 /* Sale Details */ = {
			isa = PBXGroup;
			children = (
				B8D762471FC7647F00B22023 /* SaleDetailsViewController.swift */,
				B8CFBCF81FC8AB990038CEDE /* ItemImagesViewController.swift */,
				B8D7624A1FC7650300B22023 /* SaleDetailsCollectionViewCell.swift */,
				B899AD6E1FDDDC9200C95CBC /* AddToCalendarActivity.swift */,
			);
			path = "Sale Details";
			sourceTree = "<group>";
		};
/* End PBXGroup section */

/* Begin PBXNativeTarget section */
		B8CF0D7B1FBF4E12002FE457 /* GarageSale */ = {
			isa = PBXNativeTarget;
			buildConfigurationList = B8CF0D911FBF4E12002FE457 /* Build configuration list for PBXNativeTarget "GarageSale" */;
			buildPhases = (
				B8CF0D781FBF4E12002FE457 /* Sources */,
				B8CF0D791FBF4E12002FE457 /* Frameworks */,
				B8CF0D7A1FBF4E12002FE457 /* Resources */,
			);
			buildRules = (
			);
			dependencies = (
			);
			name = GarageSale;
			productName = GarageSale;
			productReference = B8CF0D7C1FBF4E12002FE457 /* GarageSale.app */;
			productType = "com.apple.product-type.application";
		};
/* End PBXNativeTarget section */

/* Begin PBXProject section */
		B8CF0D741FBF4E12002FE457 /* Project object */ = {
			isa = PBXProject;
			attributes = {
				LastSwiftUpdateCheck = 0910;
				LastUpgradeCheck = 0910;
				ORGANIZATIONNAME = "Tarek Abdelghany";
				TargetAttributes = {
					B8CF0D7B1FBF4E12002FE457 = {
						CreatedOnToolsVersion = 9.1;
						ProvisioningStyle = Automatic;
					};
				};
			};
			buildConfigurationList = B8CF0D771FBF4E12002FE457 /* Build configuration list for PBXProject "GarageSale" */;
			compatibilityVersion = "Xcode 8.0";
			developmentRegion = en;
			hasScannedForEncodings = 0;
			knownRegions = (
				en,
				Base,
			);
			mainGroup = B8CF0D731FBF4E12002FE457;
			productRefGroup = B8CF0D7D1FBF4E12002FE457 /* Products */;
			projectDirPath = "";
			projectRoot = "";
			targets = (
				B8CF0D7B1FBF4E12002FE457 /* GarageSale */,
			);
		};
/* End PBXProject section */

/* Begin PBXResourcesBuildPhase section */
		B8CF0D7A1FBF4E12002FE457 /* Resources */ = {
			isa = PBXResourcesBuildPhase;
			buildActionMask = 2147483647;
			files = (
				B8CF0D8D1FBF4E12002FE457 /* LaunchScreen.storyboard in Resources */,
				B8CF0D8A1FBF4E12002FE457 /* Assets.xcassets in Resources */,
				B8CF0D851FBF4E12002FE457 /* Main.storyboard in Resources */,
			);
			runOnlyForDeploymentPostprocessing = 0;
		};
/* End PBXResourcesBuildPhase section */

/* Begin PBXSourcesBuildPhase section */
		B8CF0D781FBF4E12002FE457 /* Sources */ = {
			isa = PBXSourcesBuildPhase;
			buildActionMask = 2147483647;
			files = (
				B8D7624B1FC7650300B22023 /* SaleDetailsCollectionViewCell.swift in Sources */,
				B899AD6F1FDDDC9200C95CBC /* AddToCalendarActivity.swift in Sources */,
				B8CF0D9B1FBF57CD002FE457 /* DateSelectionViewController.swift in Sources */,
				B8925BE01FD9184C0017EA3E /* SaleOptionCollectionViewCell.swift in Sources */,
				B8CF0DB21FC4D444002FE457 /* ImageSelectionViewController.swift in Sources */,
				B8CF0D9D1FBF5F8C002FE457 /* SaleListTableViewCell.swift in Sources */,
				B8CF0DB61FC556F5002FE457 /* AddItemCollectionViewCell.swift in Sources */,
				B8CF0DA21FBFAC1E002FE457 /* SaleMapViewController.swift in Sources */,
				B8D7624D1FC7714F00B22023 /* utilities.swift in Sources */,
				B8CF0DAF1FC292EF002FE457 /* MapSearchViewController.swift in Sources */,
				B8CF0DB81FC66773002FE457 /* VerifyDetailsViewController.swift in Sources */,
				B8CF0D881FBF4E12002FE457 /* GarageSale.xcdatamodeld in Sources */,
				B8CF0DBA1FC6B2AC002FE457 /* VerifyDetailsCollectionViewCell.swift in Sources */,
				B8925BDC1FD33A8C0017EA3E /* SaleAnnotation.swift in Sources */,
				B8CF0D991FBF5607002FE457 /* SaleListViewController.swift in Sources */,
				B8CF0D801FBF4E12002FE457 /* AppDelegate.swift in Sources */,
				B8CF0DAB1FC0F6F0002FE457 /* LocationSelectionViewController.swift in Sources */,
				B899AD711FDE158A00C95CBC /* AddItemButtonCollectionViewCell.swift in Sources */,
				B8D762481FC7647F00B22023 /* SaleDetailsViewController.swift in Sources */,
				B8CF0DA91FBFF58D002FE457 /* MapSearchTableViewController.swift in Sources */,
				B8925BDE1FD66D840017EA3E /* GarageSale.swift in Sources */,
				B8CFBCF91FC8AB990038CEDE /* ItemImagesViewController.swift in Sources */,
			);
			runOnlyForDeploymentPostprocessing = 0;
		};
/* End PBXSourcesBuildPhase section */

/* Begin PBXVariantGroup section */
		B8CF0D831FBF4E12002FE457 /* Main.storyboard */ = {
			isa = PBXVariantGroup;
			children = (
				B8CF0D841FBF4E12002FE457 /* Base */,
			);
			name = Main.storyboard;
			sourceTree = "<group>";
		};
		B8CF0D8B1FBF4E12002FE457 /* LaunchScreen.storyboard */ = {
			isa = PBXVariantGroup;
			children = (
				B8CF0D8C1FBF4E12002FE457 /* Base */,
			);
			name = LaunchScreen.storyboard;
			sourceTree = "<group>";
		};
/* End PBXVariantGroup section */

/* Begin XCBuildConfiguration section */
		B8CF0D8F1FBF4E12002FE457 /* Debug */ = {
			isa = XCBuildConfiguration;
			buildSettings = {
				ALWAYS_SEARCH_USER_PATHS = NO;
				CLANG_ANALYZER_NONNULL = YES;
				CLANG_ANALYZER_NUMBER_OBJECT_CONVERSION = YES_AGGRESSIVE;
				CLANG_CXX_LANGUAGE_STANDARD = "gnu++14";
				CLANG_CXX_LIBRARY = "libc++";
				CLANG_ENABLE_MODULES = YES;
				CLANG_ENABLE_OBJC_ARC = YES;
				CLANG_WARN_BLOCK_CAPTURE_AUTORELEASING = YES;
				CLANG_WARN_BOOL_CONVERSION = YES;
				CLANG_WARN_COMMA = YES;
				CLANG_WARN_CONSTANT_CONVERSION = YES;
				CLANG_WARN_DIRECT_OBJC_ISA_USAGE = YES_ERROR;
				CLANG_WARN_DOCUMENTATION_COMMENTS = YES;
				CLANG_WARN_EMPTY_BODY = YES;
				CLANG_WARN_ENUM_CONVERSION = YES;
				CLANG_WARN_INFINITE_RECURSION = YES;
				CLANG_WARN_INT_CONVERSION = YES;
				CLANG_WARN_NON_LITERAL_NULL_CONVERSION = YES;
				CLANG_WARN_OBJC_LITERAL_CONVERSION = YES;
				CLANG_WARN_OBJC_ROOT_CLASS = YES_ERROR;
				CLANG_WARN_RANGE_LOOP_ANALYSIS = YES;
				CLANG_WARN_STRICT_PROTOTYPES = YES;
				CLANG_WARN_SUSPICIOUS_MOVE = YES;
				CLANG_WARN_UNGUARDED_AVAILABILITY = YES_AGGRESSIVE;
				CLANG_WARN_UNREACHABLE_CODE = YES;
				CLANG_WARN__DUPLICATE_METHOD_MATCH = YES;
				CODE_SIGN_IDENTITY = "iPhone Developer";
				COPY_PHASE_STRIP = NO;
				DEBUG_INFORMATION_FORMAT = dwarf;
				ENABLE_STRICT_OBJC_MSGSEND = YES;
				ENABLE_TESTABILITY = YES;
				GCC_C_LANGUAGE_STANDARD = gnu11;
				GCC_DYNAMIC_NO_PIC = NO;
				GCC_NO_COMMON_BLOCKS = YES;
				GCC_OPTIMIZATION_LEVEL = 0;
				GCC_PREPROCESSOR_DEFINITIONS = (
					"DEBUG=1",
					"$(inherited)",
				);
				GCC_WARN_64_TO_32_BIT_CONVERSION = YES;
				GCC_WARN_ABOUT_RETURN_TYPE = YES_ERROR;
				GCC_WARN_UNDECLARED_SELECTOR = YES;
				GCC_WARN_UNINITIALIZED_AUTOS = YES_AGGRESSIVE;
				GCC_WARN_UNUSED_FUNCTION = YES;
				GCC_WARN_UNUSED_VARIABLE = YES;
				IPHONEOS_DEPLOYMENT_TARGET = 11.1;
				MTL_ENABLE_DEBUG_INFO = YES;
				ONLY_ACTIVE_ARCH = YES;
				SDKROOT = iphoneos;
				SWIFT_ACTIVE_COMPILATION_CONDITIONS = DEBUG;
				SWIFT_OPTIMIZATION_LEVEL = "-Onone";
			};
			name = Debug;
		};
		B8CF0D901FBF4E12002FE457 /* Release */ = {
			isa = XCBuildConfiguration;
			buildSettings = {
				ALWAYS_SEARCH_USER_PATHS = NO;
				CLANG_ANALYZER_NONNULL = YES;
				CLANG_ANALYZER_NUMBER_OBJECT_CONVERSION = YES_AGGRESSIVE;
				CLANG_CXX_LANGUAGE_STANDARD = "gnu++14";
				CLANG_CXX_LIBRARY = "libc++";
				CLANG_ENABLE_MODULES = YES;
				CLANG_ENABLE_OBJC_ARC = YES;
				CLANG_WARN_BLOCK_CAPTURE_AUTORELEASING = YES;
				CLANG_WARN_BOOL_CONVERSION = YES;
				CLANG_WARN_COMMA = YES;
				CLANG_WARN_CONSTANT_CONVERSION = YES;
				CLANG_WARN_DIRECT_OBJC_ISA_USAGE = YES_ERROR;
				CLANG_WARN_DOCUMENTATION_COMMENTS = YES;
				CLANG_WARN_EMPTY_BODY = YES;
				CLANG_WARN_ENUM_CONVERSION = YES;
				CLANG_WARN_INFINITE_RECURSION = YES;
				CLANG_WARN_INT_CONVERSION = YES;
				CLANG_WARN_NON_LITERAL_NULL_CONVERSION = YES;
				CLANG_WARN_OBJC_LITERAL_CONVERSION = YES;
				CLANG_WARN_OBJC_ROOT_CLASS = YES_ERROR;
				CLANG_WARN_RANGE_LOOP_ANALYSIS = YES;
				CLANG_WARN_STRICT_PROTOTYPES = YES;
				CLANG_WARN_SUSPICIOUS_MOVE = YES;
				CLANG_WARN_UNGUARDED_AVAILABILITY = YES_AGGRESSIVE;
				CLANG_WARN_UNREACHABLE_CODE = YES;
				CLANG_WARN__DUPLICATE_METHOD_MATCH = YES;
				CODE_SIGN_IDENTITY = "iPhone Developer";
				COPY_PHASE_STRIP = NO;
				DEBUG_INFORMATION_FORMAT = "dwarf-with-dsym";
				ENABLE_NS_ASSERTIONS = NO;
				ENABLE_STRICT_OBJC_MSGSEND = YES;
				GCC_C_LANGUAGE_STANDARD = gnu11;
				GCC_NO_COMMON_BLOCKS = YES;
				GCC_WARN_64_TO_32_BIT_CONVERSION = YES;
				GCC_WARN_ABOUT_RETURN_TYPE = YES_ERROR;
				GCC_WARN_UNDECLARED_SELECTOR = YES;
				GCC_WARN_UNINITIALIZED_AUTOS = YES_AGGRESSIVE;
				GCC_WARN_UNUSED_FUNCTION = YES;
				GCC_WARN_UNUSED_VARIABLE = YES;
				IPHONEOS_DEPLOYMENT_TARGET = 11.1;
				MTL_ENABLE_DEBUG_INFO = NO;
				SDKROOT = iphoneos;
				SWIFT_OPTIMIZATION_LEVEL = "-Owholemodule";
				VALIDATE_PRODUCT = YES;
			};
			name = Release;
		};
		B8CF0D921FBF4E12002FE457 /* Debug */ = {
			isa = XCBuildConfiguration;
			buildSettings = {
				ASSETCATALOG_COMPILER_APPICON_NAME = AppIcon;
				CODE_SIGN_STYLE = Automatic;
				DEVELOPMENT_TEAM = CLE238DY6W;
				INFOPLIST_FILE = "$(SRCROOT)/GarageSale/Supporting Files/Info.plist";
				LD_RUNPATH_SEARCH_PATHS = "$(inherited) @executable_path/Frameworks";
				PRODUCT_BUNDLE_IDENTIFIER = edu.stanford.cs193p.tabdel.GarageSale;
				PRODUCT_NAME = "$(TARGET_NAME)";
				SWIFT_VERSION = 4.0;
				TARGETED_DEVICE_FAMILY = "1,2";
			};
			name = Debug;
		};
		B8CF0D931FBF4E12002FE457 /* Release */ = {
			isa = XCBuildConfiguration;
			buildSettings = {
				ASSETCATALOG_COMPILER_APPICON_NAME = AppIcon;
				CODE_SIGN_STYLE = Automatic;
				DEVELOPMENT_TEAM = CLE238DY6W;
				INFOPLIST_FILE = "$(SRCROOT)/GarageSale/Supporting Files/Info.plist";
				LD_RUNPATH_SEARCH_PATHS = "$(inherited) @executable_path/Frameworks";
				PRODUCT_BUNDLE_IDENTIFIER = edu.stanford.cs193p.tabdel.GarageSale;
				PRODUCT_NAME = "$(TARGET_NAME)";
				SWIFT_VERSION = 4.0;
				TARGETED_DEVICE_FAMILY = "1,2";
			};
			name = Release;
		};
/* End XCBuildConfiguration section */

/* Begin XCConfigurationList section */
		B8CF0D771FBF4E12002FE457 /* Build configuration list for PBXProject "GarageSale" */ = {
			isa = XCConfigurationList;
			buildConfigurations = (
				B8CF0D8F1FBF4E12002FE457 /* Debug */,
				B8CF0D901FBF4E12002FE457 /* Release */,
			);
			defaultConfigurationIsVisible = 0;
			defaultConfigurationName = Release;
		};
		B8CF0D911FBF4E12002FE457 /* Build configuration list for PBXNativeTarget "GarageSale" */ = {
			isa = XCConfigurationList;
			buildConfigurations = (
				B8CF0D921FBF4E12002FE457 /* Debug */,
				B8CF0D931FBF4E12002FE457 /* Release */,
			);
			defaultConfigurationIsVisible = 0;
			defaultConfigurationName = Release;
		};
/* End XCConfigurationList section */

/* Begin XCVersionGroup section */
		B8CF0D861FBF4E12002FE457 /* GarageSale.xcdatamodeld */ = {
			isa = XCVersionGroup;
			children = (
				B8CF0D871FBF4E12002FE457 /* GarageSale.xcdatamodel */,
			);
			currentVersion = B8CF0D871FBF4E12002FE457 /* GarageSale.xcdatamodel */;
			path = GarageSale.xcdatamodeld;
			sourceTree = "<group>";
			versionGroupType = wrapper.xcdatamodel;
		};
/* End XCVersionGroup section */
	};
	rootObject = B8CF0D741FBF4E12002FE457 /* Project object */;
}
